
Microsoft Visual Studio Solution File, Format Version 12.00
# Visual Studio Version 17
VisualStudioVersion = 17.13.35825.156 d17.13
MinimumVisualStudioVersion = 10.0.40219.1
Project("{FAE04EC0-301F-11D3-BF4B-00C04F79EFBC}") = "Trackify", "Trackify.csproj", "{57E26811-D17E-4F74-A92E-0125978D69FE}"
EndProject
Global
	GlobalSection(SolutionConfigurationPlatforms) = preSolution
		Debug|Any CPU = Debug|Any CPU
		Release|Any CPU = Release|Any CPU
	EndGlobalSection
	GlobalSection(ProjectConfigurationPlatforms) = postSolution
		{57E26811-D17E-4F74-A92E-0125978D69FE}.Debug|Any CPU.ActiveCfg = Debug|Any CPU
		{57E26811-D17E-4F74-A92E-0125978D69FE}.Debug|Any CPU.Build.0 = Debug|Any CPU
		{57E26811-D17E-4F74-A92E-0125978D69FE}.Release|Any CPU.ActiveCfg = Release|Any CPU
		{57E26811-D17E-4F74-A92E-0125978D69FE}.Release|Any CPU.Build.0 = Release|Any CPU
	EndGlobalSection
	GlobalSection(SolutionProperties) = preSolution
		HideSolutionNode = FALSE
	EndGlobalSection
	GlobalSection(ExtensibilityGlobals) = postSolution
		SolutionGuid = {FDD876F2-6D9C-415B-87B1-AA1861226349}
	EndGlobalSection
EndGlobal
